// !$*UTF8*$!
{
	archiveVersion = 1;
	classes = {
	};
	objectVersion = 55;
	objects = {

/* Begin PBXBuildFile section */
		3E129FC1280D4241007F6EF9 /* AppDelegate.swift in Sources */ = {isa = PBXBuildFile; fileRef = 3E129FC0280D4241007F6EF9 /* AppDelegate.swift */; };
		3E129FCA280D4242007F6EF9 /* Assets.xcassets in Resources */ = {isa = PBXBuildFile; fileRef = 3E129FC9280D4242007F6EF9 /* Assets.xcassets */; };
		3E129FCD280D4242007F6EF9 /* LaunchScreen.storyboard in Resources */ = {isa = PBXBuildFile; fileRef = 3E129FCB280D4242007F6EF9 /* LaunchScreen.storyboard */; };
		3E129FD6280D4A88007F6EF9 /* API.swift in Sources */ = {isa = PBXBuildFile; fileRef = 3E129FD5280D4A88007F6EF9 /* API.swift */; };
		3E129FDC280D4ADF007F6EF9 /* Teacher.swift in Sources */ = {isa = PBXBuildFile; fileRef = 3E129FDB280D4ADF007F6EF9 /* Teacher.swift */; };
		3E129FDE280D4B6A007F6EF9 /* Colors.swift in Sources */ = {isa = PBXBuildFile; fileRef = 3E129FDD280D4B6A007F6EF9 /* Colors.swift */; };
		3E129FE0280D4B72007F6EF9 /* Icons.swift in Sources */ = {isa = PBXBuildFile; fileRef = 3E129FDF280D4B72007F6EF9 /* Icons.swift */; };
		3E129FE2280D4B7B007F6EF9 /* Extensions.swift in Sources */ = {isa = PBXBuildFile; fileRef = 3E129FE1280D4B7B007F6EF9 /* Extensions.swift */; };
		3E129FE7280D4C8E007F6EF9 /* SearchViewController.swift in Sources */ = {isa = PBXBuildFile; fileRef = 3E129FE6280D4C8E007F6EF9 /* SearchViewController.swift */; };
		3E129FE9280D4C94007F6EF9 /* SearchPresenter.swift in Sources */ = {isa = PBXBuildFile; fileRef = 3E129FE8280D4C94007F6EF9 /* SearchPresenter.swift */; };
		3EC55F9E280D4ED5003ACB83 /* TeacherView.swift in Sources */ = {isa = PBXBuildFile; fileRef = 3EC55F9D280D4ED5003ACB83 /* TeacherView.swift */; };
		3EC55FAC280DD639003ACB83 /* TabViewController.swift in Sources */ = {isa = PBXBuildFile; fileRef = 3EC55FAB280DD639003ACB83 /* TabViewController.swift */; };
		3EC55FAF280DD693003ACB83 /* CollectionView.swift in Sources */ = {isa = PBXBuildFile; fileRef = 3EC55FAE280DD693003ACB83 /* CollectionView.swift */; };
		3EC55FB4280DD75B003ACB83 /* Localize.strings in Resources */ = {isa = PBXBuildFile; fileRef = 3EC55FB6280DD75B003ACB83 /* Localize.strings */; };
		3EC55FBA280DD839003ACB83 /* NavigationController.swift in Sources */ = {isa = PBXBuildFile; fileRef = 3EC55FB9280DD839003ACB83 /* NavigationController.swift */; };
		3EC55FC2280DD93B003ACB83 /* SnapKit in Frameworks */ = {isa = PBXBuildFile; productRef = 3EC55FC1280DD93B003ACB83 /* SnapKit */; };
		3EC55FC6280E9A29003ACB83 /* SettingsViewController.swift in Sources */ = {isa = PBXBuildFile; fileRef = 3EC55FC5280E9A28003ACB83 /* SettingsViewController.swift */; };
		3EC55FC8280E9CB7003ACB83 /* HomeViewController.swift in Sources */ = {isa = PBXBuildFile; fileRef = 3EC55FC7280E9CB7003ACB83 /* HomeViewController.swift */; };
		3EC55FCA280E9EF0003ACB83 /* SearchResultCell.swift in Sources */ = {isa = PBXBuildFile; fileRef = 3EC55FC9280E9EF0003ACB83 /* SearchResultCell.swift */; };
		3EC55FCC280E9FBE003ACB83 /* SearchResultView.swift in Sources */ = {isa = PBXBuildFile; fileRef = 3EC55FCB280E9FBE003ACB83 /* SearchResultView.swift */; };
		3EC55FCE280EA022003ACB83 /* ListView.swift in Sources */ = {isa = PBXBuildFile; fileRef = 3EC55FCD280EA022003ACB83 /* ListView.swift */; };
		3EC55FD0280EA04B003ACB83 /* CollectionCell.swift in Sources */ = {isa = PBXBuildFile; fileRef = 3EC55FCF280EA04B003ACB83 /* CollectionCell.swift */; };
		3EC55FD2280EA051003ACB83 /* TableCell.swift in Sources */ = {isa = PBXBuildFile; fileRef = 3EC55FD1280EA051003ACB83 /* TableCell.swift */; };
		3EC55FD4280EA05F003ACB83 /* TableView.swift in Sources */ = {isa = PBXBuildFile; fileRef = 3EC55FD3280EA05F003ACB83 /* TableView.swift */; };
/* End PBXBuildFile section */

/* Begin PBXFileReference section */
		3E129FBD280D4241007F6EF9 /* FictAdvisor.app */ = {isa = PBXFileReference; explicitFileType = wrapper.application; includeInIndex = 0; path = FictAdvisor.app; sourceTree = BUILT_PRODUCTS_DIR; };
		3E129FC0280D4241007F6EF9 /* AppDelegate.swift */ = {isa = PBXFileReference; lastKnownFileType = sourcecode.swift; path = AppDelegate.swift; sourceTree = "<group>"; };
		3E129FC9280D4242007F6EF9 /* Assets.xcassets */ = {isa = PBXFileReference; lastKnownFileType = folder.assetcatalog; path = Assets.xcassets; sourceTree = "<group>"; };
		3E129FCC280D4242007F6EF9 /* Base */ = {isa = PBXFileReference; lastKnownFileType = file.storyboard; name = Base; path = Base.lproj/LaunchScreen.storyboard; sourceTree = "<group>"; };
		3E129FCE280D4242007F6EF9 /* Info.plist */ = {isa = PBXFileReference; lastKnownFileType = text.plist.xml; path = Info.plist; sourceTree = "<group>"; };
		3E129FD5280D4A88007F6EF9 /* API.swift */ = {isa = PBXFileReference; lastKnownFileType = sourcecode.swift; path = API.swift; sourceTree = "<group>"; };
		3E129FDB280D4ADF007F6EF9 /* Teacher.swift */ = {isa = PBXFileReference; lastKnownFileType = sourcecode.swift; path = Teacher.swift; sourceTree = "<group>"; };
		3E129FDD280D4B6A007F6EF9 /* Colors.swift */ = {isa = PBXFileReference; lastKnownFileType = sourcecode.swift; path = Colors.swift; sourceTree = "<group>"; };
		3E129FDF280D4B72007F6EF9 /* Icons.swift */ = {isa = PBXFileReference; lastKnownFileType = sourcecode.swift; path = Icons.swift; sourceTree = "<group>"; };
		3E129FE1280D4B7B007F6EF9 /* Extensions.swift */ = {isa = PBXFileReference; lastKnownFileType = sourcecode.swift; path = Extensions.swift; sourceTree = "<group>"; };
		3E129FE6280D4C8E007F6EF9 /* SearchViewController.swift */ = {isa = PBXFileReference; lastKnownFileType = sourcecode.swift; path = SearchViewController.swift; sourceTree = "<group>"; };
		3E129FE8280D4C94007F6EF9 /* SearchPresenter.swift */ = {isa = PBXFileReference; lastKnownFileType = sourcecode.swift; path = SearchPresenter.swift; sourceTree = "<group>"; };
		3EC55F9D280D4ED5003ACB83 /* TeacherView.swift */ = {isa = PBXFileReference; lastKnownFileType = sourcecode.swift; path = TeacherView.swift; sourceTree = "<group>"; };
		3EC55FAB280DD639003ACB83 /* TabViewController.swift */ = {isa = PBXFileReference; lastKnownFileType = sourcecode.swift; path = TabViewController.swift; sourceTree = "<group>"; };
		3EC55FAE280DD693003ACB83 /* CollectionView.swift */ = {isa = PBXFileReference; lastKnownFileType = sourcecode.swift; path = CollectionView.swift; sourceTree = "<group>"; };
		3EC55FB2280DD717003ACB83 /* uk */ = {isa = PBXFileReference; lastKnownFileType = text.plist.strings; name = uk; path = uk.lproj/LaunchScreen.strings; sourceTree = "<group>"; };
		3EC55FB3280DD74D003ACB83 /* ru */ = {isa = PBXFileReference; lastKnownFileType = text.plist.strings; name = ru; path = ru.lproj/LaunchScreen.strings; sourceTree = "<group>"; };
		3EC55FB5280DD75B003ACB83 /* en */ = {isa = PBXFileReference; lastKnownFileType = text.plist.strings; name = en; path = en.lproj/Localize.strings; sourceTree = "<group>"; };
		3EC55FB7280DD75D003ACB83 /* ru */ = {isa = PBXFileReference; lastKnownFileType = text.plist.strings; name = ru; path = ru.lproj/Localize.strings; sourceTree = "<group>"; };
		3EC55FB8280DD75D003ACB83 /* uk */ = {isa = PBXFileReference; lastKnownFileType = text.plist.strings; name = uk; path = uk.lproj/Localize.strings; sourceTree = "<group>"; };
		3EC55FB9280DD839003ACB83 /* NavigationController.swift */ = {isa = PBXFileReference; lastKnownFileType = sourcecode.swift; path = NavigationController.swift; sourceTree = "<group>"; };
		3EC55FC5280E9A28003ACB83 /* SettingsViewController.swift */ = {isa = PBXFileReference; lastKnownFileType = sourcecode.swift; path = SettingsViewController.swift; sourceTree = "<group>"; };
		3EC55FC7280E9CB7003ACB83 /* HomeViewController.swift */ = {isa = PBXFileReference; lastKnownFileType = sourcecode.swift; path = HomeViewController.swift; sourceTree = "<group>"; };
		3EC55FC9280E9EF0003ACB83 /* SearchResultCell.swift */ = {isa = PBXFileReference; lastKnownFileType = sourcecode.swift; path = SearchResultCell.swift; sourceTree = "<group>"; };
		3EC55FCB280E9FBE003ACB83 /* SearchResultView.swift */ = {isa = PBXFileReference; lastKnownFileType = sourcecode.swift; path = SearchResultView.swift; sourceTree = "<group>"; };
		3EC55FCD280EA022003ACB83 /* ListView.swift */ = {isa = PBXFileReference; lastKnownFileType = sourcecode.swift; path = ListView.swift; sourceTree = "<group>"; };
		3EC55FCF280EA04B003ACB83 /* CollectionCell.swift */ = {isa = PBXFileReference; lastKnownFileType = sourcecode.swift; path = CollectionCell.swift; sourceTree = "<group>"; };
		3EC55FD1280EA051003ACB83 /* TableCell.swift */ = {isa = PBXFileReference; lastKnownFileType = sourcecode.swift; path = TableCell.swift; sourceTree = "<group>"; };
		3EC55FD3280EA05F003ACB83 /* TableView.swift */ = {isa = PBXFileReference; lastKnownFileType = sourcecode.swift; path = TableView.swift; sourceTree = "<group>"; };
/* End PBXFileReference section */

/* Begin PBXFrameworksBuildPhase section */
		3E129FBA280D4241007F6EF9 /* Frameworks */ = {
			isa = PBXFrameworksBuildPhase;
			buildActionMask = 2147483647;
			files = (
				3EC55FC2280DD93B003ACB83 /* SnapKit in Frameworks */,
			);
			runOnlyForDeploymentPostprocessing = 0;
		};
/* End PBXFrameworksBuildPhase section */

/* Begin PBXGroup section */
		3E129FB4280D4241007F6EF9 = {
			isa = PBXGroup;
			children = (
				3E129FBF280D4241007F6EF9 /* FictAdvisor */,
				3E129FBE280D4241007F6EF9 /* Products */,
			);
			sourceTree = "<group>";
		};
		3E129FBE280D4241007F6EF9 /* Products */ = {
			isa = PBXGroup;
			children = (
				3E129FBD280D4241007F6EF9 /* FictAdvisor.app */,
			);
			name = Products;
			sourceTree = "<group>";
		};
		3E129FBF280D4241007F6EF9 /* FictAdvisor */ = {
			isa = PBXGroup;
			children = (
				3E129FD9280D4AA8007F6EF9 /* Utils */,
				3E129FD8280D4A90007F6EF9 /* UserInterface */,
				3E129FD7280D4A8B007F6EF9 /* Modules */,
				3E129FD4280D4A76007F6EF9 /* Repository */,
				3E129FC0280D4241007F6EF9 /* AppDelegate.swift */,
				3E129FC9280D4242007F6EF9 /* Assets.xcassets */,
				3E129FCB280D4242007F6EF9 /* LaunchScreen.storyboard */,
				3E129FCE280D4242007F6EF9 /* Info.plist */,
			);
			path = FictAdvisor;
			sourceTree = "<group>";
		};
		3E129FD4280D4A76007F6EF9 /* Repository */ = {
			isa = PBXGroup;
			children = (
				3E129FDA280D4ACD007F6EF9 /* Models */,
				3E129FD5280D4A88007F6EF9 /* API.swift */,
			);
			path = Repository;
			sourceTree = "<group>";
		};
		3E129FD7280D4A8B007F6EF9 /* Modules */ = {
			isa = PBXGroup;
			children = (
				3EC55FC4280DE93A003ACB83 /* Subjects */,
				3EC55FC3280DE935003ACB83 /* Settings */,
				3E129FE5280D4BF9007F6EF9 /* Teacher */,
				3E129FE4280D4BF1007F6EF9 /* Search */,
				3EC55FAB280DD639003ACB83 /* TabViewController.swift */,
				3EC55FC7280E9CB7003ACB83 /* HomeViewController.swift */,
			);
			path = Modules;
			sourceTree = "<group>";
		};
		3E129FD8280D4A90007F6EF9 /* UserInterface */ = {
			isa = PBXGroup;
			children = (
				3EC55FAD280DD68A003ACB83 /* Utils */,
				3EC55F9B280D4E09003ACB83 /* Extensions */,
				3EC55F9A280D4E01003ACB83 /* Views */,
				3E129FDD280D4B6A007F6EF9 /* Colors.swift */,
				3E129FDF280D4B72007F6EF9 /* Icons.swift */,
			);
			path = UserInterface;
			sourceTree = "<group>";
		};
		3E129FD9280D4AA8007F6EF9 /* Utils */ = {
			isa = PBXGroup;
			children = (
				3EC55F9C280D4E14003ACB83 /* Localize */,
				3E129FE1280D4B7B007F6EF9 /* Extensions.swift */,
			);
			path = Utils;
			sourceTree = "<group>";
		};
		3E129FDA280D4ACD007F6EF9 /* Models */ = {
			isa = PBXGroup;
			children = (
				3E129FDB280D4ADF007F6EF9 /* Teacher.swift */,
			);
			path = Models;
			sourceTree = "<group>";
		};
		3E129FE4280D4BF1007F6EF9 /* Search */ = {
			isa = PBXGroup;
			children = (
				3E129FE6280D4C8E007F6EF9 /* SearchViewController.swift */,
				3E129FE8280D4C94007F6EF9 /* SearchPresenter.swift */,
				3EC55FC9280E9EF0003ACB83 /* SearchResultCell.swift */,
			);
			path = Search;
			sourceTree = "<group>";
		};
		3E129FE5280D4BF9007F6EF9 /* Teacher */ = {
			isa = PBXGroup;
			children = (
			);
			path = Teacher;
			sourceTree = "<group>";
		};
		3EC55F9A280D4E01003ACB83 /* Views */ = {
			isa = PBXGroup;
			children = (
				3EC55F9D280D4ED5003ACB83 /* TeacherView.swift */,
				3EC55FCB280E9FBE003ACB83 /* SearchResultView.swift */,
			);
			path = Views;
			sourceTree = "<group>";
		};
		3EC55F9B280D4E09003ACB83 /* Extensions */ = {
			isa = PBXGroup;
			children = (
			);
			path = Extensions;
			sourceTree = "<group>";
		};
		3EC55F9C280D4E14003ACB83 /* Localize */ = {
			isa = PBXGroup;
			children = (
				3EC55FB6280DD75B003ACB83 /* Localize.strings */,
			);
			path = Localize;
			sourceTree = "<group>";
		};
		3EC55FAD280DD68A003ACB83 /* Utils */ = {
			isa = PBXGroup;
			children = (
				3EC55FB9280DD839003ACB83 /* NavigationController.swift */,
				3EC55FCD280EA022003ACB83 /* ListView.swift */,
				3EC55FCF280EA04B003ACB83 /* CollectionCell.swift */,
				3EC55FD1280EA051003ACB83 /* TableCell.swift */,
				3EC55FAE280DD693003ACB83 /* CollectionView.swift */,
				3EC55FD3280EA05F003ACB83 /* TableView.swift */,
			);
			path = Utils;
			sourceTree = "<group>";
		};
		3EC55FC3280DE935003ACB83 /* Settings */ = {
			isa = PBXGroup;
			children = (
				3EC55FC5280E9A28003ACB83 /* SettingsViewController.swift */,
			);
			path = Settings;
			sourceTree = "<group>";
		};
		3EC55FC4280DE93A003ACB83 /* Subjects */ = {
			isa = PBXGroup;
			children = (
			);
			path = Subjects;
			sourceTree = "<group>";
		};
/* End PBXGroup section */

/* Begin PBXNativeTarget section */
		3E129FBC280D4241007F6EF9 /* FictAdvisor */ = {
			isa = PBXNativeTarget;
			buildConfigurationList = 3E129FD1280D4242007F6EF9 /* Build configuration list for PBXNativeTarget "FictAdvisor" */;
			buildPhases = (
				3E129FB9280D4241007F6EF9 /* Sources */,
				3E129FBA280D4241007F6EF9 /* Frameworks */,
				3E129FBB280D4241007F6EF9 /* Resources */,
			);
			buildRules = (
			);
			dependencies = (
			);
			name = FictAdvisor;
			packageProductDependencies = (
				3EC55FC1280DD93B003ACB83 /* SnapKit */,
			);
			productName = FictAdvisor;
			productReference = 3E129FBD280D4241007F6EF9 /* FictAdvisor.app */;
			productType = "com.apple.product-type.application";
		};
/* End PBXNativeTarget section */

/* Begin PBXProject section */
		3E129FB5280D4241007F6EF9 /* Project object */ = {
			isa = PBXProject;
			attributes = {
				BuildIndependentTargetsInParallel = 1;
				LastSwiftUpdateCheck = 1320;
				LastUpgradeCheck = 1320;
				TargetAttributes = {
					3E129FBC280D4241007F6EF9 = {
						CreatedOnToolsVersion = 13.2.1;
					};
				};
			};
			buildConfigurationList = 3E129FB8280D4241007F6EF9 /* Build configuration list for PBXProject "FictAdvisor" */;
			compatibilityVersion = "Xcode 13.0";
			developmentRegion = en;
			hasScannedForEncodings = 0;
			knownRegions = (
				en,
				Base,
				uk,
				ru,
			);
			mainGroup = 3E129FB4280D4241007F6EF9;
			packageReferences = (
				3EC55FC0280DD93B003ACB83 /* XCRemoteSwiftPackageReference "SnapKit" */,
			);
			productRefGroup = 3E129FBE280D4241007F6EF9 /* Products */;
			projectDirPath = "";
			projectRoot = "";
			targets = (
				3E129FBC280D4241007F6EF9 /* FictAdvisor */,
			);
		};
/* End PBXProject section */

/* Begin PBXResourcesBuildPhase section */
		3E129FBB280D4241007F6EF9 /* Resources */ = {
			isa = PBXResourcesBuildPhase;
			buildActionMask = 2147483647;
			files = (
				3E129FCD280D4242007F6EF9 /* LaunchScreen.storyboard in Resources */,
				3E129FCA280D4242007F6EF9 /* Assets.xcassets in Resources */,
				3EC55FB4280DD75B003ACB83 /* Localize.strings in Resources */,
			);
			runOnlyForDeploymentPostprocessing = 0;
		};
/* End PBXResourcesBuildPhase section */

/* Begin PBXSourcesBuildPhase section */
		3E129FB9280D4241007F6EF9 /* Sources */ = {
			isa = PBXSourcesBuildPhase;
			buildActionMask = 2147483647;
			files = (
				3E129FDC280D4ADF007F6EF9 /* Teacher.swift in Sources */,
				3EC55FD4280EA05F003ACB83 /* TableView.swift in Sources */,
				3EC55FD2280EA051003ACB83 /* TableCell.swift in Sources */,
				3EC55FCC280E9FBE003ACB83 /* SearchResultView.swift in Sources */,
				3EC55FBA280DD839003ACB83 /* NavigationController.swift in Sources */,
				3EC55FCE280EA022003ACB83 /* ListView.swift in Sources */,
				3E129FE9280D4C94007F6EF9 /* SearchPresenter.swift in Sources */,
				3EC55F9E280D4ED5003ACB83 /* TeacherView.swift in Sources */,
				3EC55FCA280E9EF0003ACB83 /* SearchResultCell.swift in Sources */,
				3E129FE2280D4B7B007F6EF9 /* Extensions.swift in Sources */,
				3EC55FC8280E9CB7003ACB83 /* HomeViewController.swift in Sources */,
				3E129FDE280D4B6A007F6EF9 /* Colors.swift in Sources */,
				3E129FD6280D4A88007F6EF9 /* API.swift in Sources */,
				3EC55FD0280EA04B003ACB83 /* CollectionCell.swift in Sources */,
				3E129FE7280D4C8E007F6EF9 /* SearchViewController.swift in Sources */,
				3E129FE0280D4B72007F6EF9 /* Icons.swift in Sources */,
				3EC55FAC280DD639003ACB83 /* TabViewController.swift in Sources */,
				3EC55FC6280E9A29003ACB83 /* SettingsViewController.swift in Sources */,
				3EC55FAF280DD693003ACB83 /* CollectionView.swift in Sources */,
				3E129FC1280D4241007F6EF9 /* AppDelegate.swift in Sources */,
			);
			runOnlyForDeploymentPostprocessing = 0;
		};
/* End PBXSourcesBuildPhase section */

/* Begin PBXVariantGroup section */
		3E129FCB280D4242007F6EF9 /* LaunchScreen.storyboard */ = {
			isa = PBXVariantGroup;
			children = (
				3E129FCC280D4242007F6EF9 /* Base */,
				3EC55FB2280DD717003ACB83 /* uk */,
				3EC55FB3280DD74D003ACB83 /* ru */,
			);
			name = LaunchScreen.storyboard;
			sourceTree = "<group>";
		};
		3EC55FB6280DD75B003ACB83 /* Localize.strings */ = {
			isa = PBXVariantGroup;
			children = (
				3EC55FB5280DD75B003ACB83 /* en */,
				3EC55FB7280DD75D003ACB83 /* ru */,
				3EC55FB8280DD75D003ACB83 /* uk */,
			);
			name = Localize.strings;
			sourceTree = "<group>";
		};
/* End PBXVariantGroup section */

/* Begin XCBuildConfiguration section */
		3E129FCF280D4242007F6EF9 /* Debug */ = {
			isa = XCBuildConfiguration;
			buildSettings = {
				ALWAYS_SEARCH_USER_PATHS = NO;
				CLANG_ANALYZER_LOCALIZABILITY_NONLOCALIZED = YES;
				CLANG_ANALYZER_NONNULL = YES;
				CLANG_ANALYZER_NUMBER_OBJECT_CONVERSION = YES_AGGRESSIVE;
				CLANG_CXX_LANGUAGE_STANDARD = "gnu++17";
				CLANG_CXX_LIBRARY = "libc++";
				CLANG_ENABLE_MODULES = YES;
				CLANG_ENABLE_OBJC_ARC = YES;
				CLANG_ENABLE_OBJC_WEAK = YES;
				CLANG_WARN_BLOCK_CAPTURE_AUTORELEASING = YES;
				CLANG_WARN_BOOL_CONVERSION = YES;
				CLANG_WARN_COMMA = YES;
				CLANG_WARN_CONSTANT_CONVERSION = YES;
				CLANG_WARN_DEPRECATED_OBJC_IMPLEMENTATIONS = YES;
				CLANG_WARN_DIRECT_OBJC_ISA_USAGE = YES_ERROR;
				CLANG_WARN_DOCUMENTATION_COMMENTS = YES;
				CLANG_WARN_EMPTY_BODY = YES;
				CLANG_WARN_ENUM_CONVERSION = YES;
				CLANG_WARN_INFINITE_RECURSION = YES;
				CLANG_WARN_INT_CONVERSION = YES;
				CLANG_WARN_NON_LITERAL_NULL_CONVERSION = YES;
				CLANG_WARN_OBJC_IMPLICIT_RETAIN_SELF = YES;
				CLANG_WARN_OBJC_LITERAL_CONVERSION = YES;
				CLANG_WARN_OBJC_ROOT_CLASS = YES_ERROR;
				CLANG_WARN_QUOTED_INCLUDE_IN_FRAMEWORK_HEADER = YES;
				CLANG_WARN_RANGE_LOOP_ANALYSIS = YES;
				CLANG_WARN_STRICT_PROTOTYPES = YES;
				CLANG_WARN_SUSPICIOUS_MOVE = YES;
				CLANG_WARN_UNGUARDED_AVAILABILITY = YES_AGGRESSIVE;
				CLANG_WARN_UNREACHABLE_CODE = YES;
				CLANG_WARN__DUPLICATE_METHOD_MATCH = YES;
				COPY_PHASE_STRIP = NO;
				DEBUG_INFORMATION_FORMAT = dwarf;
				ENABLE_STRICT_OBJC_MSGSEND = YES;
				ENABLE_TESTABILITY = YES;
				GCC_C_LANGUAGE_STANDARD = gnu11;
				GCC_DYNAMIC_NO_PIC = NO;
				GCC_NO_COMMON_BLOCKS = YES;
				GCC_OPTIMIZATION_LEVEL = 0;
				GCC_PREPROCESSOR_DEFINITIONS = (
					"DEBUG=1",
					"$(inherited)",
				);
				GCC_WARN_64_TO_32_BIT_CONVERSION = YES;
				GCC_WARN_ABOUT_RETURN_TYPE = YES_ERROR;
				GCC_WARN_UNDECLARED_SELECTOR = YES;
				GCC_WARN_UNINITIALIZED_AUTOS = YES_AGGRESSIVE;
				GCC_WARN_UNUSED_FUNCTION = YES;
				GCC_WARN_UNUSED_VARIABLE = YES;
				IPHONEOS_DEPLOYMENT_TARGET = 15.2;
				MTL_ENABLE_DEBUG_INFO = INCLUDE_SOURCE;
				MTL_FAST_MATH = YES;
				ONLY_ACTIVE_ARCH = YES;
				SDKROOT = iphoneos;
				SWIFT_ACTIVE_COMPILATION_CONDITIONS = DEBUG;
				SWIFT_OPTIMIZATION_LEVEL = "-Onone";
			};
			name = Debug;
		};
		3E129FD0280D4242007F6EF9 /* Release */ = {
			isa = XCBuildConfiguration;
			buildSettings = {
				ALWAYS_SEARCH_USER_PATHS = NO;
				CLANG_ANALYZER_LOCALIZABILITY_NONLOCALIZED = YES;
				CLANG_ANALYZER_NONNULL = YES;
				CLANG_ANALYZER_NUMBER_OBJECT_CONVERSION = YES_AGGRESSIVE;
				CLANG_CXX_LANGUAGE_STANDARD = "gnu++17";
				CLANG_CXX_LIBRARY = "libc++";
				CLANG_ENABLE_MODULES = YES;
				CLANG_ENABLE_OBJC_ARC = YES;
				CLANG_ENABLE_OBJC_WEAK = YES;
				CLANG_WARN_BLOCK_CAPTURE_AUTORELEASING = YES;
				CLANG_WARN_BOOL_CONVERSION = YES;
				CLANG_WARN_COMMA = YES;
				CLANG_WARN_CONSTANT_CONVERSION = YES;
				CLANG_WARN_DEPRECATED_OBJC_IMPLEMENTATIONS = YES;
				CLANG_WARN_DIRECT_OBJC_ISA_USAGE = YES_ERROR;
				CLANG_WARN_DOCUMENTATION_COMMENTS = YES;
				CLANG_WARN_EMPTY_BODY = YES;
				CLANG_WARN_ENUM_CONVERSION = YES;
				CLANG_WARN_INFINITE_RECURSION = YES;
				CLANG_WARN_INT_CONVERSION = YES;
				CLANG_WARN_NON_LITERAL_NULL_CONVERSION = YES;
				CLANG_WARN_OBJC_IMPLICIT_RETAIN_SELF = YES;
				CLANG_WARN_OBJC_LITERAL_CONVERSION = YES;
				CLANG_WARN_OBJC_ROOT_CLASS = YES_ERROR;
				CLANG_WARN_QUOTED_INCLUDE_IN_FRAMEWORK_HEADER = YES;
				CLANG_WARN_RANGE_LOOP_ANALYSIS = YES;
				CLANG_WARN_STRICT_PROTOTYPES = YES;
				CLANG_WARN_SUSPICIOUS_MOVE = YES;
				CLANG_WARN_UNGUARDED_AVAILABILITY = YES_AGGRESSIVE;
				CLANG_WARN_UNREACHABLE_CODE = YES;
				CLANG_WARN__DUPLICATE_METHOD_MATCH = YES;
				COPY_PHASE_STRIP = NO;
				DEBUG_INFORMATION_FORMAT = "dwarf-with-dsym";
				ENABLE_NS_ASSERTIONS = NO;
				ENABLE_STRICT_OBJC_MSGSEND = YES;
				GCC_C_LANGUAGE_STANDARD = gnu11;
				GCC_NO_COMMON_BLOCKS = YES;
				GCC_WARN_64_TO_32_BIT_CONVERSION = YES;
				GCC_WARN_ABOUT_RETURN_TYPE = YES_ERROR;
				GCC_WARN_UNDECLARED_SELECTOR = YES;
				GCC_WARN_UNINITIALIZED_AUTOS = YES_AGGRESSIVE;
				GCC_WARN_UNUSED_FUNCTION = YES;
				GCC_WARN_UNUSED_VARIABLE = YES;
				IPHONEOS_DEPLOYMENT_TARGET = 15.2;
				MTL_ENABLE_DEBUG_INFO = NO;
				MTL_FAST_MATH = YES;
				SDKROOT = iphoneos;
				SWIFT_COMPILATION_MODE = wholemodule;
				SWIFT_OPTIMIZATION_LEVEL = "-O";
				VALIDATE_PRODUCT = YES;
			};
			name = Release;
		};
		3E129FD2280D4242007F6EF9 /* Debug */ = {
			isa = XCBuildConfiguration;
			buildSettings = {
				ASSETCATALOG_COMPILER_APPICON_NAME = AppIcon;
				ASSETCATALOG_COMPILER_GLOBAL_ACCENT_COLOR_NAME = AccentColor;
				CODE_SIGN_STYLE = Automatic;
				CURRENT_PROJECT_VERSION = 1;
				DEVELOPMENT_TEAM = R24W57U338;
				GENERATE_INFOPLIST_FILE = YES;
				INFOPLIST_FILE = FictAdvisor/Info.plist;
				INFOPLIST_KEY_CFBundleDisplayName = "FICT ADVISOR";
				INFOPLIST_KEY_UIApplicationSupportsIndirectInputEvents = YES;
				INFOPLIST_KEY_UILaunchStoryboardName = LaunchScreen;
				INFOPLIST_KEY_UISupportedInterfaceOrientations_iPad = "UIInterfaceOrientationPortrait UIInterfaceOrientationPortraitUpsideDown UIInterfaceOrientationLandscapeLeft UIInterfaceOrientationLandscapeRight";
				INFOPLIST_KEY_UISupportedInterfaceOrientations_iPhone = "UIInterfaceOrientationPortrait UIInterfaceOrientationLandscapeLeft UIInterfaceOrientationLandscapeRight";
				LD_RUNPATH_SEARCH_PATHS = (
					"$(inherited)",
					"@executable_path/Frameworks",
				);
				MARKETING_VERSION = 1.0;
				PRODUCT_BUNDLE_IDENTIFIER = Jeytery.FictAdvisor;
				PRODUCT_NAME = "$(TARGET_NAME)";
				SWIFT_EMIT_LOC_STRINGS = YES;
				SWIFT_VERSION = 5.0;
				TARGETED_DEVICE_FAMILY = "1,2";
			};
			name = Debug;
		};
		3E129FD3280D4242007F6EF9 /* Release */ = {
			isa = XCBuildConfiguration;
			buildSettings = {
				ASSETCATALOG_COMPILER_APPICON_NAME = AppIcon;
				ASSETCATALOG_COMPILER_GLOBAL_ACCENT_COLOR_NAME = AccentColor;
				CODE_SIGN_STYLE = Automatic;
				CURRENT_PROJECT_VERSION = 1;
				DEVELOPMENT_TEAM = R24W57U338;
				GENERATE_INFOPLIST_FILE = YES;
				INFOPLIST_FILE = FictAdvisor/Info.plist;
				INFOPLIST_KEY_CFBundleDisplayName = "FICT ADVISOR";
				INFOPLIST_KEY_UIApplicationSupportsIndirectInputEvents = YES;
				INFOPLIST_KEY_UILaunchStoryboardName = LaunchScreen;
				INFOPLIST_KEY_UISupportedInterfaceOrientations_iPad = "UIInterfaceOrientationPortrait UIInterfaceOrientationPortraitUpsideDown UIInterfaceOrientationLandscapeLeft UIInterfaceOrientationLandscapeRight";
				INFOPLIST_KEY_UISupportedInterfaceOrientations_iPhone = "UIInterfaceOrientationPortrait UIInterfaceOrientationLandscapeLeft UIInterfaceOrientationLandscapeRight";
				LD_RUNPATH_SEARCH_PATHS = (
					"$(inherited)",
					"@executable_path/Frameworks",
				);
				MARKETING_VERSION = 1.0;
				PRODUCT_BUNDLE_IDENTIFIER = Jeytery.FictAdvisor;
				PRODUCT_NAME = "$(TARGET_NAME)";
				SWIFT_EMIT_LOC_STRINGS = YES;
				SWIFT_VERSION = 5.0;
				TARGETED_DEVICE_FAMILY = "1,2";
			};
			name = Release;
		};
/* End XCBuildConfiguration section */

/* Begin XCConfigurationList section */
		3E129FB8280D4241007F6EF9 /* Build configuration list for PBXProject "FictAdvisor" */ = {
			isa = XCConfigurationList;
			buildConfigurations = (
				3E129FCF280D4242007F6EF9 /* Debug */,
				3E129FD0280D4242007F6EF9 /* Release */,
			);
			defaultConfigurationIsVisible = 0;
			defaultConfigurationName = Release;
		};
		3E129FD1280D4242007F6EF9 /* Build configuration list for PBXNativeTarget "FictAdvisor" */ = {
			isa = XCConfigurationList;
			buildConfigurations = (
				3E129FD2280D4242007F6EF9 /* Debug */,
				3E129FD3280D4242007F6EF9 /* Release */,
			);
			defaultConfigurationIsVisible = 0;
			defaultConfigurationName = Release;
		};
/* End XCConfigurationList section */

/* Begin XCRemoteSwiftPackageReference section */
		3EC55FC0280DD93B003ACB83 /* XCRemoteSwiftPackageReference "SnapKit" */ = {
			isa = XCRemoteSwiftPackageReference;
			repositoryURL = "https://github.com/SnapKit/SnapKit";
			requirement = {
				branch = develop;
				kind = branch;
			};
		};
/* End XCRemoteSwiftPackageReference section */

/* Begin XCSwiftPackageProductDependency section */
		3EC55FC1280DD93B003ACB83 /* SnapKit */ = {
			isa = XCSwiftPackageProductDependency;
			package = 3EC55FC0280DD93B003ACB83 /* XCRemoteSwiftPackageReference "SnapKit" */;
			productName = SnapKit;
		};
/* End XCSwiftPackageProductDependency section */
	};
	rootObject = 3E129FB5280D4241007F6EF9 /* Project object */;
}
